// !$*UTF8*$!
{
	archiveVersion = 1;
	classes = {
	};
	objectVersion = 56;
	objects = {

/* Begin PBXBuildFile section */
		4F3875D92B9DC6780025EDB8 /* AppFeature.swift in Sources */ = {isa = PBXBuildFile; fileRef = 4F3875D82B9DC6780025EDB8 /* AppFeature.swift */; };
		4F3FE1962BA1B9ED005DF6E5 /* HomeUI in Frameworks */ = {isa = PBXBuildFile; productRef = 4F3FE1952BA1B9ED005DF6E5 /* HomeUI */; };
		4FB2699A2B94C8C6005BDD14 /* Dependencies in Frameworks */ = {isa = PBXBuildFile; productRef = 4FB269992B94C8C6005BDD14 /* Dependencies */; };
		4FB2699D2B94CDAF005BDD14 /* Domain in Resources */ = {isa = PBXBuildFile; fileRef = 4FB2699C2B94CDAF005BDD14 /* Domain */; };
		4FB78DA42B8C9269009639A3 /* MidoriApp.swift in Sources */ = {isa = PBXBuildFile; fileRef = 4FB78DA32B8C9269009639A3 /* MidoriApp.swift */; };
		4FB78DA62B8C9269009639A3 /* AppView.swift in Sources */ = {isa = PBXBuildFile; fileRef = 4FB78DA52B8C9269009639A3 /* AppView.swift */; };
		4FB78DA82B8C926A009639A3 /* Assets.xcassets in Resources */ = {isa = PBXBuildFile; fileRef = 4FB78DA72B8C926A009639A3 /* Assets.xcassets */; };
		4FB78DAC2B8C926A009639A3 /* Preview Assets.xcassets in Resources */ = {isa = PBXBuildFile; fileRef = 4FB78DAB2B8C926A009639A3 /* Preview Assets.xcassets */; };
		4FCF649D2B9EAAB400B6D983 /* AppTabView.swift in Sources */ = {isa = PBXBuildFile; fileRef = 4FCF649C2B9EAAB400B6D983 /* AppTabView.swift */; };
		4FCF649F2B9EAB2600B6D983 /* AppSplitView.swift in Sources */ = {isa = PBXBuildFile; fileRef = 4FCF649E2B9EAB2600B6D983 /* AppSplitView.swift */; };
		4FCF64A52B9EB45D00B6D983 /* Localizable.xcstrings in Resources */ = {isa = PBXBuildFile; fileRef = 4FCF64A42B9EB45D00B6D983 /* Localizable.xcstrings */; };
/* End PBXBuildFile section */

/* Begin PBXFileReference section */
		4F0974252BA2FC41005403CA /* MangaList */ = {isa = PBXFileReference; lastKnownFileType = wrapper; path = MangaList; sourceTree = "<group>"; };
		4F0974272BA2FCD2005403CA /* Home */ = {isa = PBXFileReference; lastKnownFileType = wrapper; path = Home; sourceTree = "<group>"; };
		4F3875D82B9DC6780025EDB8 /* AppFeature.swift */ = {isa = PBXFileReference; lastKnownFileType = sourcecode.swift; path = AppFeature.swift; sourceTree = "<group>"; };
		4F3FE1912BA162A4005DF6E5 /* Networking */ = {isa = PBXFileReference; lastKnownFileType = wrapper; path = Networking; sourceTree = "<group>"; };
		4F3FE1932BA18189005DF6E5 /* CommonUI */ = {isa = PBXFileReference; lastKnownFileType = wrapper; path = CommonUI; sourceTree = "<group>"; };
		4F3FE1942BA1B77A005DF6E5 /* fastlane */ = {isa = PBXFileReference; lastKnownFileType = folder; path = fastlane; sourceTree = "<group>"; };
		4F6857B02BA0A06600BC67CC /* Gemfile */ = {isa = PBXFileReference; lastKnownFileType = text; path = Gemfile; sourceTree = "<group>"; };
		4F8B6E422B981EF6000E3DFA /* .gitignore */ = {isa = PBXFileReference; lastKnownFileType = text; path = .gitignore; sourceTree = "<group>"; };
		4F9132AE2B93712C00CB7747 /* .swiftformat */ = {isa = PBXFileReference; lastKnownFileType = text; path = .swiftformat; sourceTree = "<group>"; };
		4FB2699C2B94CDAF005BDD14 /* Domain */ = {isa = PBXFileReference; lastKnownFileType = wrapper; path = Domain; sourceTree = "<group>"; };
		4FB78DA02B8C9269009639A3 /* Midori.app */ = {isa = PBXFileReference; explicitFileType = wrapper.application; includeInIndex = 0; path = Midori.app; sourceTree = BUILT_PRODUCTS_DIR; };
		4FB78DA32B8C9269009639A3 /* MidoriApp.swift */ = {isa = PBXFileReference; lastKnownFileType = sourcecode.swift; path = MidoriApp.swift; sourceTree = "<group>"; };
		4FB78DA52B8C9269009639A3 /* AppView.swift */ = {isa = PBXFileReference; lastKnownFileType = sourcecode.swift; path = AppView.swift; sourceTree = "<group>"; };
		4FB78DA72B8C926A009639A3 /* Assets.xcassets */ = {isa = PBXFileReference; lastKnownFileType = folder.assetcatalog; path = Assets.xcassets; sourceTree = "<group>"; };
		4FB78DA92B8C926A009639A3 /* Midori.entitlements */ = {isa = PBXFileReference; lastKnownFileType = text.plist.entitlements; path = Midori.entitlements; sourceTree = "<group>"; };
		4FB78DAB2B8C926A009639A3 /* Preview Assets.xcassets */ = {isa = PBXFileReference; lastKnownFileType = folder.assetcatalog; path = "Preview Assets.xcassets"; sourceTree = "<group>"; };
		4FB78DB92B8F40DA009639A3 /* Networking.xctestplan */ = {isa = PBXFileReference; lastKnownFileType = text; path = Networking.xctestplan; sourceTree = "<group>"; };
		4FC20A052BA0C77D00A9948B /* ci_pre_xcodebuild.sh */ = {isa = PBXFileReference; lastKnownFileType = text.script.sh; path = ci_pre_xcodebuild.sh; sourceTree = "<group>"; };
		4FCF649C2B9EAAB400B6D983 /* AppTabView.swift */ = {isa = PBXFileReference; lastKnownFileType = sourcecode.swift; path = AppTabView.swift; sourceTree = "<group>"; };
		4FCF649E2B9EAB2600B6D983 /* AppSplitView.swift */ = {isa = PBXFileReference; lastKnownFileType = sourcecode.swift; path = AppSplitView.swift; sourceTree = "<group>"; };
		4FCF64A42B9EB45D00B6D983 /* Localizable.xcstrings */ = {isa = PBXFileReference; lastKnownFileType = text.json.xcstrings; path = Localizable.xcstrings; sourceTree = "<group>"; };
		4FE7582D2B9C300E00C7AC12 /* Database */ = {isa = PBXFileReference; lastKnownFileType = wrapper; path = Database; sourceTree = "<group>"; };
/* End PBXFileReference section */

/* Begin PBXFrameworksBuildPhase section */
		4FB78D9D2B8C9269009639A3 /* Frameworks */ = {
			isa = PBXFrameworksBuildPhase;
			buildActionMask = 2147483647;
			files = (
				4FB2699A2B94C8C6005BDD14 /* Dependencies in Frameworks */,
				4F3FE1962BA1B9ED005DF6E5 /* HomeUI in Frameworks */,
			);
			runOnlyForDeploymentPostprocessing = 0;
		};
/* End PBXFrameworksBuildPhase section */

/* Begin PBXGroup section */
		4F6852C02B9F68AF00BC67CC /* Supporting Files */ = {
			isa = PBXGroup;
			children = (
				4FB78DA92B8C926A009639A3 /* Midori.entitlements */,
			);
			path = "Supporting Files";
			sourceTree = "<group>";
		};
		4F6852C12B9F694100BC67CC /* Resources */ = {
			isa = PBXGroup;
			children = (
				4FB78DA72B8C926A009639A3 /* Assets.xcassets */,
				4FCF64A42B9EB45D00B6D983 /* Localizable.xcstrings */,
			);
			path = Resources;
			sourceTree = "<group>";
		};
		4F9132AF2B93716C00CB7747 /* Supporting Files */ = {
			isa = PBXGroup;
			children = (
				4F8B6E422B981EF6000E3DFA /* .gitignore */,
				4F9132AE2B93712C00CB7747 /* .swiftformat */,
				4F3FE1942BA1B77A005DF6E5 /* fastlane */,
				4F6857B02BA0A06600BC67CC /* Gemfile */,
			);
			name = "Supporting Files";
			sourceTree = "<group>";
		};
		4FB78D972B8C9269009639A3 = {
			isa = PBXGroup;
			children = (
				4F3FE1932BA18189005DF6E5 /* CommonUI */,
				4FE7582D2B9C300E00C7AC12 /* Database */,
				4FB2699C2B94CDAF005BDD14 /* Domain */,
				4F0974272BA2FCD2005403CA /* Home */,
				4F0974252BA2FC41005403CA /* MangaList */,
				4F3FE1912BA162A4005DF6E5 /* Networking */,
				4FC20A042BA0C74700A9948B /* ci_scripts */,
				4FB78DB42B8C9705009639A3 /* Frameworks */,
				4FB78DA22B8C9269009639A3 /* Midori */,
				4FB78DA12B8C9269009639A3 /* Products */,
				4F9132AF2B93716C00CB7747 /* Supporting Files */,
				4FB78DB72B8F4032009639A3 /* Test Plans */,
			);
			sourceTree = "<group>";
		};
		4FB78DA12B8C9269009639A3 /* Products */ = {
			isa = PBXGroup;
			children = (
				4FB78DA02B8C9269009639A3 /* Midori.app */,
			);
			name = Products;
			sourceTree = "<group>";
		};
		4FB78DA22B8C9269009639A3 /* Midori */ = {
			isa = PBXGroup;
			children = (
				4F3875D82B9DC6780025EDB8 /* AppFeature.swift */,
				4FB78DA32B8C9269009639A3 /* MidoriApp.swift */,
				4FB78DAA2B8C926A009639A3 /* Preview Content */,
				4F6852C12B9F694100BC67CC /* Resources */,
				4F6852C02B9F68AF00BC67CC /* Supporting Files */,
				4FCF649B2B9EAA7E00B6D983 /* Views */,
			);
			path = Midori;
			sourceTree = "<group>";
		};
		4FB78DAA2B8C926A009639A3 /* Preview Content */ = {
			isa = PBXGroup;
			children = (
				4FB78DAB2B8C926A009639A3 /* Preview Assets.xcassets */,
			);
			path = "Preview Content";
			sourceTree = "<group>";
		};
		4FB78DB42B8C9705009639A3 /* Frameworks */ = {
			isa = PBXGroup;
			children = (
			);
			name = Frameworks;
			sourceTree = "<group>";
		};
		4FB78DB72B8F4032009639A3 /* Test Plans */ = {
			isa = PBXGroup;
			children = (
				4FB78DB92B8F40DA009639A3 /* Networking.xctestplan */,
			);
			path = "Test Plans";
			sourceTree = "<group>";
		};
		4FC20A042BA0C74700A9948B /* ci_scripts */ = {
			isa = PBXGroup;
			children = (
				4FC20A052BA0C77D00A9948B /* ci_pre_xcodebuild.sh */,
			);
			path = ci_scripts;
			sourceTree = "<group>";
		};
		4FCF649B2B9EAA7E00B6D983 /* Views */ = {
			isa = PBXGroup;
			children = (
				4FCF649E2B9EAB2600B6D983 /* AppSplitView.swift */,
				4FCF649C2B9EAAB400B6D983 /* AppTabView.swift */,
				4FB78DA52B8C9269009639A3 /* AppView.swift */,
			);
			path = Views;
			sourceTree = "<group>";
		};
/* End PBXGroup section */

/* Begin PBXNativeTarget section */
		4FB78D9F2B8C9269009639A3 /* Midori */ = {
			isa = PBXNativeTarget;
			buildConfigurationList = 4FB78DAF2B8C926A009639A3 /* Build configuration list for PBXNativeTarget "Midori" */;
			buildPhases = (
				4FB78D9C2B8C9269009639A3 /* Sources */,
				4FB78D9D2B8C9269009639A3 /* Frameworks */,
				4FB78D9E2B8C9269009639A3 /* Resources */,
			);
			buildRules = (
			);
			dependencies = (
			);
			name = Midori;
			packageProductDependencies = (
				4FB269992B94C8C6005BDD14 /* Dependencies */,
				4F3FE1952BA1B9ED005DF6E5 /* HomeUI */,
			);
			productName = Midori;
			productReference = 4FB78DA02B8C9269009639A3 /* Midori.app */;
			productType = "com.apple.product-type.application";
		};
/* End PBXNativeTarget section */

/* Begin PBXProject section */
		4FB78D982B8C9269009639A3 /* Project object */ = {
			isa = PBXProject;
			attributes = {
				BuildIndependentTargetsInParallel = 1;
				LastSwiftUpdateCheck = 1520;
				LastUpgradeCheck = 1530;
				TargetAttributes = {
					4FB78D9F2B8C9269009639A3 = {
						CreatedOnToolsVersion = 15.2;
					};
				};
			};
			buildConfigurationList = 4FB78D9B2B8C9269009639A3 /* Build configuration list for PBXProject "Midori" */;
			compatibilityVersion = "Xcode 14.0";
			developmentRegion = en;
			hasScannedForEncodings = 0;
			knownRegions = (
				en,
				Base,
			);
			mainGroup = 4FB78D972B8C9269009639A3;
			packageReferences = (
				4F9132AD2B9370AD00CB7747 /* XCRemoteSwiftPackageReference "SwiftFormat" */,
				4FB269982B94C8C6005BDD14 /* XCRemoteSwiftPackageReference "swift-dependencies" */,
			);
			productRefGroup = 4FB78DA12B8C9269009639A3 /* Products */;
			projectDirPath = "";
			projectRoot = "";
			targets = (
				4FB78D9F2B8C9269009639A3 /* Midori */,
			);
		};
/* End PBXProject section */

/* Begin PBXResourcesBuildPhase section */
		4FB78D9E2B8C9269009639A3 /* Resources */ = {
			isa = PBXResourcesBuildPhase;
			buildActionMask = 2147483647;
			files = (
				4FB2699D2B94CDAF005BDD14 /* Domain in Resources */,
				4FB78DAC2B8C926A009639A3 /* Preview Assets.xcassets in Resources */,
				4FCF64A52B9EB45D00B6D983 /* Localizable.xcstrings in Resources */,
				4FB78DA82B8C926A009639A3 /* Assets.xcassets in Resources */,
			);
			runOnlyForDeploymentPostprocessing = 0;
		};
/* End PBXResourcesBuildPhase section */

/* Begin PBXSourcesBuildPhase section */
		4FB78D9C2B8C9269009639A3 /* Sources */ = {
			isa = PBXSourcesBuildPhase;
			buildActionMask = 2147483647;
			files = (
				4F3875D92B9DC6780025EDB8 /* AppFeature.swift in Sources */,
				4FB78DA62B8C9269009639A3 /* AppView.swift in Sources */,
				4FCF649F2B9EAB2600B6D983 /* AppSplitView.swift in Sources */,
				4FCF649D2B9EAAB400B6D983 /* AppTabView.swift in Sources */,
				4FB78DA42B8C9269009639A3 /* MidoriApp.swift in Sources */,
			);
			runOnlyForDeploymentPostprocessing = 0;
		};
/* End PBXSourcesBuildPhase section */

/* Begin XCBuildConfiguration section */
		4FB78DAD2B8C926A009639A3 /* Debug */ = {
			isa = XCBuildConfiguration;
			buildSettings = {
				ALWAYS_SEARCH_USER_PATHS = NO;
				ASSETCATALOG_COMPILER_GENERATE_SWIFT_ASSET_SYMBOL_EXTENSIONS = YES;
				CLANG_ANALYZER_NONNULL = YES;
				CLANG_ANALYZER_NUMBER_OBJECT_CONVERSION = YES_AGGRESSIVE;
				CLANG_CXX_LANGUAGE_STANDARD = "gnu++20";
				CLANG_ENABLE_MODULES = YES;
				CLANG_ENABLE_OBJC_ARC = YES;
				CLANG_ENABLE_OBJC_WEAK = YES;
				CLANG_WARN_BLOCK_CAPTURE_AUTORELEASING = YES;
				CLANG_WARN_BOOL_CONVERSION = YES;
				CLANG_WARN_COMMA = YES;
				CLANG_WARN_CONSTANT_CONVERSION = YES;
				CLANG_WARN_DEPRECATED_OBJC_IMPLEMENTATIONS = YES;
				CLANG_WARN_DIRECT_OBJC_ISA_USAGE = YES_ERROR;
				CLANG_WARN_DOCUMENTATION_COMMENTS = YES;
				CLANG_WARN_EMPTY_BODY = YES;
				CLANG_WARN_ENUM_CONVERSION = YES;
				CLANG_WARN_INFINITE_RECURSION = YES;
				CLANG_WARN_INT_CONVERSION = YES;
				CLANG_WARN_NON_LITERAL_NULL_CONVERSION = YES;
				CLANG_WARN_OBJC_IMPLICIT_RETAIN_SELF = YES;
				CLANG_WARN_OBJC_LITERAL_CONVERSION = YES;
				CLANG_WARN_OBJC_ROOT_CLASS = YES_ERROR;
				CLANG_WARN_QUOTED_INCLUDE_IN_FRAMEWORK_HEADER = YES;
				CLANG_WARN_RANGE_LOOP_ANALYSIS = YES;
				CLANG_WARN_STRICT_PROTOTYPES = YES;
				CLANG_WARN_SUSPICIOUS_MOVE = YES;
				CLANG_WARN_UNGUARDED_AVAILABILITY = YES_AGGRESSIVE;
				CLANG_WARN_UNREACHABLE_CODE = YES;
				CLANG_WARN__DUPLICATE_METHOD_MATCH = YES;
				COPY_PHASE_STRIP = NO;
				DEAD_CODE_STRIPPING = YES;
				DEBUG_INFORMATION_FORMAT = dwarf;
				ENABLE_STRICT_OBJC_MSGSEND = YES;
				ENABLE_TESTABILITY = YES;
				ENABLE_USER_SCRIPT_SANDBOXING = YES;
				GCC_C_LANGUAGE_STANDARD = gnu17;
				GCC_DYNAMIC_NO_PIC = NO;
				GCC_NO_COMMON_BLOCKS = YES;
				GCC_OPTIMIZATION_LEVEL = 0;
				GCC_PREPROCESSOR_DEFINITIONS = (
					"DEBUG=1",
					"$(inherited)",
				);
				GCC_WARN_64_TO_32_BIT_CONVERSION = YES;
				GCC_WARN_ABOUT_RETURN_TYPE = YES_ERROR;
				GCC_WARN_UNDECLARED_SELECTOR = YES;
				GCC_WARN_UNINITIALIZED_AUTOS = YES_AGGRESSIVE;
				GCC_WARN_UNUSED_FUNCTION = YES;
				GCC_WARN_UNUSED_VARIABLE = YES;
				LOCALIZATION_PREFERS_STRING_CATALOGS = YES;
				MTL_ENABLE_DEBUG_INFO = INCLUDE_SOURCE;
				MTL_FAST_MATH = YES;
				ONLY_ACTIVE_ARCH = YES;
				SWIFT_ACTIVE_COMPILATION_CONDITIONS = "DEBUG $(inherited)";
				SWIFT_OPTIMIZATION_LEVEL = "-Onone";
			};
			name = Debug;
		};
		4FB78DAE2B8C926A009639A3 /* Release */ = {
			isa = XCBuildConfiguration;
			buildSettings = {
				ALWAYS_SEARCH_USER_PATHS = NO;
				ASSETCATALOG_COMPILER_GENERATE_SWIFT_ASSET_SYMBOL_EXTENSIONS = YES;
				CLANG_ANALYZER_NONNULL = YES;
				CLANG_ANALYZER_NUMBER_OBJECT_CONVERSION = YES_AGGRESSIVE;
				CLANG_CXX_LANGUAGE_STANDARD = "gnu++20";
				CLANG_ENABLE_MODULES = YES;
				CLANG_ENABLE_OBJC_ARC = YES;
				CLANG_ENABLE_OBJC_WEAK = YES;
				CLANG_WARN_BLOCK_CAPTURE_AUTORELEASING = YES;
				CLANG_WARN_BOOL_CONVERSION = YES;
				CLANG_WARN_COMMA = YES;
				CLANG_WARN_CONSTANT_CONVERSION = YES;
				CLANG_WARN_DEPRECATED_OBJC_IMPLEMENTATIONS = YES;
				CLANG_WARN_DIRECT_OBJC_ISA_USAGE = YES_ERROR;
				CLANG_WARN_DOCUMENTATION_COMMENTS = YES;
				CLANG_WARN_EMPTY_BODY = YES;
				CLANG_WARN_ENUM_CONVERSION = YES;
				CLANG_WARN_INFINITE_RECURSION = YES;
				CLANG_WARN_INT_CONVERSION = YES;
				CLANG_WARN_NON_LITERAL_NULL_CONVERSION = YES;
				CLANG_WARN_OBJC_IMPLICIT_RETAIN_SELF = YES;
				CLANG_WARN_OBJC_LITERAL_CONVERSION = YES;
				CLANG_WARN_OBJC_ROOT_CLASS = YES_ERROR;
				CLANG_WARN_QUOTED_INCLUDE_IN_FRAMEWORK_HEADER = YES;
				CLANG_WARN_RANGE_LOOP_ANALYSIS = YES;
				CLANG_WARN_STRICT_PROTOTYPES = YES;
				CLANG_WARN_SUSPICIOUS_MOVE = YES;
				CLANG_WARN_UNGUARDED_AVAILABILITY = YES_AGGRESSIVE;
				CLANG_WARN_UNREACHABLE_CODE = YES;
				CLANG_WARN__DUPLICATE_METHOD_MATCH = YES;
				COPY_PHASE_STRIP = NO;
				DEAD_CODE_STRIPPING = YES;
				DEBUG_INFORMATION_FORMAT = "dwarf-with-dsym";
				ENABLE_NS_ASSERTIONS = NO;
				ENABLE_STRICT_OBJC_MSGSEND = YES;
				ENABLE_USER_SCRIPT_SANDBOXING = YES;
				GCC_C_LANGUAGE_STANDARD = gnu17;
				GCC_NO_COMMON_BLOCKS = YES;
				GCC_WARN_64_TO_32_BIT_CONVERSION = YES;
				GCC_WARN_ABOUT_RETURN_TYPE = YES_ERROR;
				GCC_WARN_UNDECLARED_SELECTOR = YES;
				GCC_WARN_UNINITIALIZED_AUTOS = YES_AGGRESSIVE;
				GCC_WARN_UNUSED_FUNCTION = YES;
				GCC_WARN_UNUSED_VARIABLE = YES;
				LOCALIZATION_PREFERS_STRING_CATALOGS = YES;
				MTL_ENABLE_DEBUG_INFO = NO;
				MTL_FAST_MATH = YES;
				SWIFT_COMPILATION_MODE = wholemodule;
			};
			name = Release;
		};
		4FB78DB02B8C926A009639A3 /* Debug */ = {
			isa = XCBuildConfiguration;
			buildSettings = {
				ASSETCATALOG_COMPILER_APPICON_NAME = AppIcon;
				ASSETCATALOG_COMPILER_GLOBAL_ACCENT_COLOR_NAME = AccentColor;
				CODE_SIGN_ENTITLEMENTS = "Midori/Supporting Files/Midori.entitlements";
				CODE_SIGN_STYLE = Automatic;
				CURRENT_PROJECT_VERSION = 1;
				DEAD_CODE_STRIPPING = YES;
				DEVELOPMENT_ASSET_PATHS = "\"Midori/Preview Content\"";
				DEVELOPMENT_TEAM = ZZTDCDTRL8;
				ENABLE_HARDENED_RUNTIME = YES;
				ENABLE_PREVIEWS = YES;
				GENERATE_INFOPLIST_FILE = YES;
				"INFOPLIST_KEY_UIApplicationSceneManifest_Generation[sdk=iphoneos*]" = YES;
				"INFOPLIST_KEY_UIApplicationSceneManifest_Generation[sdk=iphonesimulator*]" = YES;
				"INFOPLIST_KEY_UIApplicationSupportsIndirectInputEvents[sdk=iphoneos*]" = YES;
				"INFOPLIST_KEY_UIApplicationSupportsIndirectInputEvents[sdk=iphonesimulator*]" = YES;
				"INFOPLIST_KEY_UILaunchScreen_Generation[sdk=iphoneos*]" = YES;
				"INFOPLIST_KEY_UILaunchScreen_Generation[sdk=iphonesimulator*]" = YES;
				"INFOPLIST_KEY_UIStatusBarStyle[sdk=iphoneos*]" = UIStatusBarStyleDefault;
				"INFOPLIST_KEY_UIStatusBarStyle[sdk=iphonesimulator*]" = UIStatusBarStyleDefault;
				INFOPLIST_KEY_UISupportedInterfaceOrientations_iPad = "UIInterfaceOrientationPortrait UIInterfaceOrientationPortraitUpsideDown UIInterfaceOrientationLandscapeLeft UIInterfaceOrientationLandscapeRight";
				INFOPLIST_KEY_UISupportedInterfaceOrientations_iPhone = "UIInterfaceOrientationPortrait UIInterfaceOrientationLandscapeLeft UIInterfaceOrientationLandscapeRight";
				IPHONEOS_DEPLOYMENT_TARGET = 17.4;
				LD_RUNPATH_SEARCH_PATHS = "@executable_path/Frameworks";
				"LD_RUNPATH_SEARCH_PATHS[sdk=macosx*]" = "@executable_path/../Frameworks";
				MACOSX_DEPLOYMENT_TARGET = 14.2;
				MARKETING_VERSION = 1.0;
				PRODUCT_BUNDLE_IDENTIFIER = com.longkimhoang.Midori;
				PRODUCT_NAME = "$(TARGET_NAME)";
				RUN_DOCUMENTATION_COMPILER = NO;
				SDKROOT = auto;
				SUPPORTED_PLATFORMS = "iphoneos iphonesimulator macosx";
				SUPPORTS_MACCATALYST = NO;
				SWIFT_EMIT_LOC_STRINGS = YES;
				SWIFT_STRICT_CONCURRENCY = complete;
				SWIFT_VERSION = 5.0;
				TARGETED_DEVICE_FAMILY = "1,2,6";
			};
			name = Debug;
		};
		4FB78DB12B8C926A009639A3 /* Release */ = {
			isa = XCBuildConfiguration;
			buildSettings = {
				ASSETCATALOG_COMPILER_APPICON_NAME = AppIcon;
				ASSETCATALOG_COMPILER_GLOBAL_ACCENT_COLOR_NAME = AccentColor;
				CODE_SIGN_ENTITLEMENTS = "Midori/Supporting Files/Midori.entitlements";
				CODE_SIGN_STYLE = Automatic;
				CURRENT_PROJECT_VERSION = 1;
				DEAD_CODE_STRIPPING = YES;
				DEVELOPMENT_ASSET_PATHS = "\"Midori/Preview Content\"";
				DEVELOPMENT_TEAM = ZZTDCDTRL8;
				ENABLE_HARDENED_RUNTIME = YES;
				ENABLE_PREVIEWS = YES;
				GENERATE_INFOPLIST_FILE = YES;
				"INFOPLIST_KEY_UIApplicationSceneManifest_Generation[sdk=iphoneos*]" = YES;
				"INFOPLIST_KEY_UIApplicationSceneManifest_Generation[sdk=iphonesimulator*]" = YES;
				"INFOPLIST_KEY_UIApplicationSupportsIndirectInputEvents[sdk=iphoneos*]" = YES;
				"INFOPLIST_KEY_UIApplicationSupportsIndirectInputEvents[sdk=iphonesimulator*]" = YES;
				"INFOPLIST_KEY_UILaunchScreen_Generation[sdk=iphoneos*]" = YES;
				"INFOPLIST_KEY_UILaunchScreen_Generation[sdk=iphonesimulator*]" = YES;
				"INFOPLIST_KEY_UIStatusBarStyle[sdk=iphoneos*]" = UIStatusBarStyleDefault;
				"INFOPLIST_KEY_UIStatusBarStyle[sdk=iphonesimulator*]" = UIStatusBarStyleDefault;
				INFOPLIST_KEY_UISupportedInterfaceOrientations_iPad = "UIInterfaceOrientationPortrait UIInterfaceOrientationPortraitUpsideDown UIInterfaceOrientationLandscapeLeft UIInterfaceOrientationLandscapeRight";
				INFOPLIST_KEY_UISupportedInterfaceOrientations_iPhone = "UIInterfaceOrientationPortrait UIInterfaceOrientationLandscapeLeft UIInterfaceOrientationLandscapeRight";
				IPHONEOS_DEPLOYMENT_TARGET = 17.4;
				LD_RUNPATH_SEARCH_PATHS = "@executable_path/Frameworks";
				"LD_RUNPATH_SEARCH_PATHS[sdk=macosx*]" = "@executable_path/../Frameworks";
				MACOSX_DEPLOYMENT_TARGET = 14.2;
				MARKETING_VERSION = 1.0;
				PRODUCT_BUNDLE_IDENTIFIER = com.longkimhoang.Midori;
				PRODUCT_NAME = "$(TARGET_NAME)";
				RUN_DOCUMENTATION_COMPILER = NO;
				SDKROOT = auto;
				SUPPORTED_PLATFORMS = "iphoneos iphonesimulator macosx";
				SUPPORTS_MACCATALYST = NO;
				SWIFT_EMIT_LOC_STRINGS = YES;
				SWIFT_STRICT_CONCURRENCY = complete;
				SWIFT_VERSION = 5.0;
				TARGETED_DEVICE_FAMILY = "1,2,6";
			};
			name = Release;
		};
/* End XCBuildConfiguration section */

/* Begin XCConfigurationList section */
		4FB78D9B2B8C9269009639A3 /* Build configuration list for PBXProject "Midori" */ = {
			isa = XCConfigurationList;
			buildConfigurations = (
				4FB78DAD2B8C926A009639A3 /* Debug */,
				4FB78DAE2B8C926A009639A3 /* Release */,
			);
			defaultConfigurationIsVisible = 0;
			defaultConfigurationName = Release;
		};
		4FB78DAF2B8C926A009639A3 /* Build configuration list for PBXNativeTarget "Midori" */ = {
			isa = XCConfigurationList;
			buildConfigurations = (
				4FB78DB02B8C926A009639A3 /* Debug */,
				4FB78DB12B8C926A009639A3 /* Release */,
			);
			defaultConfigurationIsVisible = 0;
			defaultConfigurationName = Release;
		};
/* End XCConfigurationList section */

/* Begin XCRemoteSwiftPackageReference section */
		4F9132AD2B9370AD00CB7747 /* XCRemoteSwiftPackageReference "SwiftFormat" */ = {
			isa = XCRemoteSwiftPackageReference;
			repositoryURL = "https://github.com/nicklockwood/SwiftFormat.git";
			requirement = {
				kind = upToNextMajorVersion;
				minimumVersion = 0.53.3;
			};
		};
		4FB269982B94C8C6005BDD14 /* XCRemoteSwiftPackageReference "swift-dependencies" */ = {
			isa = XCRemoteSwiftPackageReference;
			repositoryURL = "https://github.com/pointfreeco/swift-dependencies";
			requirement = {
				kind = upToNextMajorVersion;
				minimumVersion = 1.2.1;
			};
		};
/* End XCRemoteSwiftPackageReference section */

/* Begin XCSwiftPackageProductDependency section */
		4F3FE1952BA1B9ED005DF6E5 /* HomeUI */ = {
			isa = XCSwiftPackageProductDependency;
			productName = HomeUI;
		};
		4FB269992B94C8C6005BDD14 /* Dependencies */ = {
			isa = XCSwiftPackageProductDependency;
			package = 4FB269982B94C8C6005BDD14 /* XCRemoteSwiftPackageReference "swift-dependencies" */;
			productName = Dependencies;
		};
/* End XCSwiftPackageProductDependency section */
	};
	rootObject = 4FB78D982B8C9269009639A3 /* Project object */;
}
